// !$*UTF8*$!
{
	archiveVersion = 1;
	classes = {
	};
	objectVersion = 51;
	objects = {

/* Begin PBXBuildFile section */
		26E9A589E964CA4BA8C825E5 /* Pods_LiveUIBuilderPlayground.framework in Frameworks */ = {isa = PBXBuildFile; fileRef = C92B151229BE3E650066A3BB /* Pods_LiveUIBuilderPlayground.framework */; };
		31B6EF1A23E72AC2007D99E2 /* AppDelegate.swift in Sources */ = {isa = PBXBuildFile; fileRef = 31B6EF1923E72AC2007D99E2 /* AppDelegate.swift */; };
		31B6EF1C23E72AC2007D99E2 /* SceneDelegate.swift in Sources */ = {isa = PBXBuildFile; fileRef = 31B6EF1B23E72AC2007D99E2 /* SceneDelegate.swift */; };
		31B6EF1E23E72AC2007D99E2 /* ContentView.swift in Sources */ = {isa = PBXBuildFile; fileRef = 31B6EF1D23E72AC2007D99E2 /* ContentView.swift */; };
		31B6EF2023E72AC4007D99E2 /* Assets.xcassets in Resources */ = {isa = PBXBuildFile; fileRef = 31B6EF1F23E72AC4007D99E2 /* Assets.xcassets */; };
		31B6EF2323E72AC4007D99E2 /* Preview Assets.xcassets in Resources */ = {isa = PBXBuildFile; fileRef = 31B6EF2223E72AC4007D99E2 /* Preview Assets.xcassets */; };
		31B6EF2623E72AC4007D99E2 /* LaunchScreen.storyboard in Resources */ = {isa = PBXBuildFile; fileRef = 31B6EF2423E72AC4007D99E2 /* LaunchScreen.storyboard */; };
		31B6EF2E23E72ADB007D99E2 /* ViewController.swift in Sources */ = {isa = PBXBuildFile; fileRef = 31B6EF2D23E72ADB007D99E2 /* ViewController.swift */; };
		31B6EF3023E72BB7007D99E2 /* VCContainerViewStruct.swift in Sources */ = {isa = PBXBuildFile; fileRef = 31B6EF2F23E72BB7007D99E2 /* VCContainerViewStruct.swift */; };
		31B6EF3623E74C53007D99E2 /* Snapkitable.swift in Sources */ = {isa = PBXBuildFile; fileRef = 31B6EF3523E74C53007D99E2 /* Snapkitable.swift */; };
		31B6EF3823E74C6B007D99E2 /* ReactiveBindable.swift in Sources */ = {isa = PBXBuildFile; fileRef = 31B6EF3723E74C6B007D99E2 /* ReactiveBindable.swift */; };
		31B6EF3A23E74C82007D99E2 /* ViewModel.swift in Sources */ = {isa = PBXBuildFile; fileRef = 31B6EF3923E74C82007D99E2 /* ViewModel.swift */; };
/* End PBXBuildFile section */

/* Begin PBXFileReference section */
		1BEFB6048D48CD747BA9CE39 /* Pods-LiveUIBuilderPlayground.debug.xcconfig */ = {isa = PBXFileReference; includeInIndex = 1; lastKnownFileType = text.xcconfig; name = "Pods-LiveUIBuilderPlayground.debug.xcconfig"; path = "Target Support Files/Pods-LiveUIBuilderPlayground/Pods-LiveUIBuilderPlayground.debug.xcconfig"; sourceTree = "<group>"; };
		1C9E06E69189FC705D4714DB /* Pods-LiveUIBuilderPlayground.release.xcconfig */ = {isa = PBXFileReference; includeInIndex = 1; lastKnownFileType = text.xcconfig; name = "Pods-LiveUIBuilderPlayground.release.xcconfig"; path = "Target Support Files/Pods-LiveUIBuilderPlayground/Pods-LiveUIBuilderPlayground.release.xcconfig"; sourceTree = "<group>"; };
		31B6EF1623E72AC2007D99E2 /* LiveUIBuilderPlayground.app */ = {isa = PBXFileReference; explicitFileType = wrapper.application; includeInIndex = 0; path = LiveUIBuilderPlayground.app; sourceTree = BUILT_PRODUCTS_DIR; };
		31B6EF1923E72AC2007D99E2 /* AppDelegate.swift */ = {isa = PBXFileReference; lastKnownFileType = sourcecode.swift; path = AppDelegate.swift; sourceTree = "<group>"; };
		31B6EF1B23E72AC2007D99E2 /* SceneDelegate.swift */ = {isa = PBXFileReference; lastKnownFileType = sourcecode.swift; path = SceneDelegate.swift; sourceTree = "<group>"; };
		31B6EF1D23E72AC2007D99E2 /* ContentView.swift */ = {isa = PBXFileReference; lastKnownFileType = sourcecode.swift; path = ContentView.swift; sourceTree = "<group>"; };
		31B6EF1F23E72AC4007D99E2 /* Assets.xcassets */ = {isa = PBXFileReference; lastKnownFileType = folder.assetcatalog; path = Assets.xcassets; sourceTree = "<group>"; };
		31B6EF2223E72AC4007D99E2 /* Preview Assets.xcassets */ = {isa = PBXFileReference; lastKnownFileType = folder.assetcatalog; path = "Preview Assets.xcassets"; sourceTree = "<group>"; };
		31B6EF2523E72AC4007D99E2 /* Base */ = {isa = PBXFileReference; lastKnownFileType = file.storyboard; name = Base; path = Base.lproj/LaunchScreen.storyboard; sourceTree = "<group>"; };
		31B6EF2723E72AC4007D99E2 /* Info.plist */ = {isa = PBXFileReference; lastKnownFileType = text.plist.xml; path = Info.plist; sourceTree = "<group>"; };
		31B6EF2D23E72ADB007D99E2 /* ViewController.swift */ = {isa = PBXFileReference; lastKnownFileType = sourcecode.swift; path = ViewController.swift; sourceTree = "<group>"; };
		31B6EF2F23E72BB7007D99E2 /* VCContainerViewStruct.swift */ = {isa = PBXFileReference; lastKnownFileType = sourcecode.swift; path = VCContainerViewStruct.swift; sourceTree = "<group>"; };
		31B6EF3523E74C53007D99E2 /* Snapkitable.swift */ = {isa = PBXFileReference; lastKnownFileType = sourcecode.swift; path = Snapkitable.swift; sourceTree = "<group>"; };
		31B6EF3723E74C6B007D99E2 /* ReactiveBindable.swift */ = {isa = PBXFileReference; lastKnownFileType = sourcecode.swift; path = ReactiveBindable.swift; sourceTree = "<group>"; };
		31B6EF3923E74C82007D99E2 /* ViewModel.swift */ = {isa = PBXFileReference; lastKnownFileType = sourcecode.swift; path = ViewModel.swift; sourceTree = "<group>"; };
		C92B151229BE3E650066A3BB /* Pods_LiveUIBuilderPlayground.framework */ = {isa = PBXFileReference; explicitFileType = wrapper.framework; includeInIndex = 0; path = Pods_LiveUIBuilderPlayground.framework; sourceTree = BUILT_PRODUCTS_DIR; };
/* End PBXFileReference section */

/* Begin PBXFrameworksBuildPhase section */
		31B6EF1323E72AC2007D99E2 /* Frameworks */ = {
			isa = PBXFrameworksBuildPhase;
			buildActionMask = 2147483647;
			files = (
				26E9A589E964CA4BA8C825E5 /* Pods_LiveUIBuilderPlayground.framework in Frameworks */,
			);
			runOnlyForDeploymentPostprocessing = 0;
		};
/* End PBXFrameworksBuildPhase section */

/* Begin PBXGroup section */
		31B6EF0D23E72AC2007D99E2 = {
			isa = PBXGroup;
			children = (
				31B6EF1823E72AC2007D99E2 /* LiveUIBuilderPlayground */,
				31B6EF1723E72AC2007D99E2 /* Products */,
				491526627644964456E06F2C /* Pods */,
				5DDD8620E6E7841499581598 /* Frameworks */,
			);
			sourceTree = "<group>";
		};
		31B6EF1723E72AC2007D99E2 /* Products */ = {
			isa = PBXGroup;
			children = (
				31B6EF1623E72AC2007D99E2 /* LiveUIBuilderPlayground.app */,
			);
			name = Products;
			sourceTree = "<group>";
		};
		31B6EF1823E72AC2007D99E2 /* LiveUIBuilderPlayground */ = {
			isa = PBXGroup;
			children = (
				31B6EF3423E74C48007D99E2 /* Protocols */,
				31B6EF1923E72AC2007D99E2 /* AppDelegate.swift */,
				31B6EF1B23E72AC2007D99E2 /* SceneDelegate.swift */,
				31B6EF1D23E72AC2007D99E2 /* ContentView.swift */,
				31B6EF2D23E72ADB007D99E2 /* ViewController.swift */,
				31B6EF3923E74C82007D99E2 /* ViewModel.swift */,
				31B6EF2F23E72BB7007D99E2 /* VCContainerViewStruct.swift */,
				31B6EF1F23E72AC4007D99E2 /* Assets.xcassets */,
				31B6EF2423E72AC4007D99E2 /* LaunchScreen.storyboard */,
				31B6EF2723E72AC4007D99E2 /* Info.plist */,
				31B6EF2123E72AC4007D99E2 /* Preview Content */,
			);
			path = LiveUIBuilderPlayground;
			sourceTree = "<group>";
		};
		31B6EF2123E72AC4007D99E2 /* Preview Content */ = {
			isa = PBXGroup;
			children = (
				31B6EF2223E72AC4007D99E2 /* Preview Assets.xcassets */,
			);
			path = "Preview Content";
			sourceTree = "<group>";
		};
		31B6EF3423E74C48007D99E2 /* Protocols */ = {
			isa = PBXGroup;
			children = (
				31B6EF3523E74C53007D99E2 /* Snapkitable.swift */,
				31B6EF3723E74C6B007D99E2 /* ReactiveBindable.swift */,
			);
			path = Protocols;
			sourceTree = "<group>";
		};
		491526627644964456E06F2C /* Pods */ = {
			isa = PBXGroup;
			children = (
				1BEFB6048D48CD747BA9CE39 /* Pods-LiveUIBuilderPlayground.debug.xcconfig */,
				1C9E06E69189FC705D4714DB /* Pods-LiveUIBuilderPlayground.release.xcconfig */,
			);
			path = Pods;
			sourceTree = "<group>";
		};
		5DDD8620E6E7841499581598 /* Frameworks */ = {
			isa = PBXGroup;
			children = (
				C92B151229BE3E650066A3BB /* Pods_LiveUIBuilderPlayground.framework */,
			);
			name = Frameworks;
			sourceTree = "<group>";
		};
/* End PBXGroup section */

/* Begin PBXNativeTarget section */
		31B6EF1523E72AC2007D99E2 /* LiveUIBuilderPlayground */ = {
			isa = PBXNativeTarget;
			buildConfigurationList = 31B6EF2A23E72AC4007D99E2 /* Build configuration list for PBXNativeTarget "LiveUIBuilderPlayground" */;
			buildPhases = (
				F22D4429BDB2DF5BED38979E /* [CP] Check Pods Manifest.lock */,
				31B6EF1223E72AC2007D99E2 /* Sources */,
				31B6EF1323E72AC2007D99E2 /* Frameworks */,
				31B6EF1423E72AC2007D99E2 /* Resources */,
				9846DB6DEEDF2923A629906C /* [CP] Embed Pods Frameworks */,
			);
			buildRules = (
			);
			dependencies = (
			);
			name = LiveUIBuilderPlayground;
			productName = LiveUIBuilderPlayground;
			productReference = 31B6EF1623E72AC2007D99E2 /* LiveUIBuilderPlayground.app */;
			productType = "com.apple.product-type.application";
		};
/* End PBXNativeTarget section */

/* Begin PBXProject section */
		31B6EF0E23E72AC2007D99E2 /* Project object */ = {
			isa = PBXProject;
			attributes = {
				LastSwiftUpdateCheck = 1130;
				LastUpgradeCheck = 1130;
				ORGANIZATIONNAME = "Nino Vitale";
				TargetAttributes = {
					31B6EF1523E72AC2007D99E2 = {
						CreatedOnToolsVersion = 11.3.1;
					};
				};
			};
			buildConfigurationList = 31B6EF1123E72AC2007D99E2 /* Build configuration list for PBXProject "LiveUIBuilderPlayground" */;
			compatibilityVersion = "Xcode 9.3";
			developmentRegion = en;
			hasScannedForEncodings = 0;
			knownRegions = (
				en,
				Base,
			);
			mainGroup = 31B6EF0D23E72AC2007D99E2;
			productRefGroup = 31B6EF1723E72AC2007D99E2 /* Products */;
			projectDirPath = "";
			projectRoot = "";
			targets = (
				31B6EF1523E72AC2007D99E2 /* LiveUIBuilderPlayground */,
			);
		};
/* End PBXProject section */

/* Begin PBXResourcesBuildPhase section */
		31B6EF1423E72AC2007D99E2 /* Resources */ = {
			isa = PBXResourcesBuildPhase;
			buildActionMask = 2147483647;
			files = (
				31B6EF2623E72AC4007D99E2 /* LaunchScreen.storyboard in Resources */,
				31B6EF2323E72AC4007D99E2 /* Preview Assets.xcassets in Resources */,
				31B6EF2023E72AC4007D99E2 /* Assets.xcassets in Resources */,
			);
			runOnlyForDeploymentPostprocessing = 0;
		};
/* End PBXResourcesBuildPhase section */

/* Begin PBXShellScriptBuildPhase section */
		9846DB6DEEDF2923A629906C /* [CP] Embed Pods Frameworks */ = {
			isa = PBXShellScriptBuildPhase;
			buildActionMask = 2147483647;
			files = (
			);
			inputFileListPaths = (
				"${PODS_ROOT}/Target Support Files/Pods-LiveUIBuilderPlayground/Pods-LiveUIBuilderPlayground-frameworks-${CONFIGURATION}-input-files.xcfilelist",
			);
			name = "[CP] Embed Pods Frameworks";
			outputFileListPaths = (
				"${PODS_ROOT}/Target Support Files/Pods-LiveUIBuilderPlayground/Pods-LiveUIBuilderPlayground-frameworks-${CONFIGURATION}-output-files.xcfilelist",
			);
			runOnlyForDeploymentPostprocessing = 0;
			shellPath = /bin/sh;
			shellScript = "\"${PODS_ROOT}/Target Support Files/Pods-LiveUIBuilderPlayground/Pods-LiveUIBuilderPlayground-frameworks.sh\"\n";
			showEnvVarsInLog = 0;
		};
		F22D4429BDB2DF5BED38979E /* [CP] Check Pods Manifest.lock */ = {
			isa = PBXShellScriptBuildPhase;
			buildActionMask = 2147483647;
			files = (
			);
			inputFileListPaths = (
			);
			inputPaths = (
				"${PODS_PODFILE_DIR_PATH}/Podfile.lock",
				"${PODS_ROOT}/Manifest.lock",
			);
			name = "[CP] Check Pods Manifest.lock";
			outputFileListPaths = (
			);
			outputPaths = (
				"$(DERIVED_FILE_DIR)/Pods-LiveUIBuilderPlayground-checkManifestLockResult.txt",
			);
			runOnlyForDeploymentPostprocessing = 0;
			shellPath = /bin/sh;
			shellScript = "diff \"${PODS_PODFILE_DIR_PATH}/Podfile.lock\" \"${PODS_ROOT}/Manifest.lock\" > /dev/null\nif [ $? != 0 ] ; then\n    # print error to STDERR\n    echo \"error: The sandbox is not in sync with the Podfile.lock. Run 'pod install' or update your CocoaPods installation.\" >&2\n    exit 1\nfi\n# This output is used by Xcode 'outputs' to avoid re-running this script phase.\necho \"SUCCESS\" > \"${SCRIPT_OUTPUT_FILE_0}\"\n";
			showEnvVarsInLog = 0;
		};
/* End PBXShellScriptBuildPhase section */

/* Begin PBXSourcesBuildPhase section */
		31B6EF1223E72AC2007D99E2 /* Sources */ = {
			isa = PBXSourcesBuildPhase;
			buildActionMask = 2147483647;
			files = (
				31B6EF3023E72BB7007D99E2 /* VCContainerViewStruct.swift in Sources */,
				31B6EF1A23E72AC2007D99E2 /* AppDelegate.swift in Sources */,
				31B6EF1C23E72AC2007D99E2 /* SceneDelegate.swift in Sources */,
				31B6EF2E23E72ADB007D99E2 /* ViewController.swift in Sources */,
				31B6EF3623E74C53007D99E2 /* Snapkitable.swift in Sources */,
				31B6EF1E23E72AC2007D99E2 /* ContentView.swift in Sources */,
				31B6EF3A23E74C82007D99E2 /* ViewModel.swift in Sources */,
				31B6EF3823E74C6B007D99E2 /* ReactiveBindable.swift in Sources */,
			);
			runOnlyForDeploymentPostprocessing = 0;
		};
/* End PBXSourcesBuildPhase section */

/* Begin PBXVariantGroup section */
		31B6EF2423E72AC4007D99E2 /* LaunchScreen.storyboard */ = {
			isa = PBXVariantGroup;
			children = (
				31B6EF2523E72AC4007D99E2 /* Base */,
			);
			name = LaunchScreen.storyboard;
			sourceTree = "<group>";
		};
/* End PBXVariantGroup section */

/* Begin XCBuildConfiguration section */
		31B6EF2823E72AC4007D99E2 /* Debug */ = {
			isa = XCBuildConfiguration;
			buildSettings = {
				ALWAYS_SEARCH_USER_PATHS = NO;
				CLANG_ANALYZER_NONNULL = YES;
				CLANG_ANALYZER_NUMBER_OBJECT_CONVERSION = YES_AGGRESSIVE;
				CLANG_CXX_LANGUAGE_STANDARD = "gnu++14";
				CLANG_CXX_LIBRARY = "libc++";
				CLANG_ENABLE_MODULES = YES;
				CLANG_ENABLE_OBJC_ARC = YES;
				CLANG_ENABLE_OBJC_WEAK = YES;
				CLANG_WARN_BLOCK_CAPTURE_AUTORELEASING = YES;
				CLANG_WARN_BOOL_CONVERSION = YES;
				CLANG_WARN_COMMA = YES;
				CLANG_WARN_CONSTANT_CONVERSION = YES;
				CLANG_WARN_DEPRECATED_OBJC_IMPLEMENTATIONS = YES;
				CLANG_WARN_DIRECT_OBJC_ISA_USAGE = YES_ERROR;
				CLANG_WARN_DOCUMENTATION_COMMENTS = YES;
				CLANG_WARN_EMPTY_BODY = YES;
				CLANG_WARN_ENUM_CONVERSION = YES;
				CLANG_WARN_INFINITE_RECURSION = YES;
				CLANG_WARN_INT_CONVERSION = YES;
				CLANG_WARN_NON_LITERAL_NULL_CONVERSION = YES;
				CLANG_WARN_OBJC_IMPLICIT_RETAIN_SELF = YES;
				CLANG_WARN_OBJC_LITERAL_CONVERSION = YES;
				CLANG_WARN_OBJC_ROOT_CLASS = YES_ERROR;
				CLANG_WARN_RANGE_LOOP_ANALYSIS = YES;
				CLANG_WARN_STRICT_PROTOTYPES = YES;
				CLANG_WARN_SUSPICIOUS_MOVE = YES;
				CLANG_WARN_UNGUARDED_AVAILABILITY = YES_AGGRESSIVE;
				CLANG_WARN_UNREACHABLE_CODE = YES;
				CLANG_WARN__DUPLICATE_METHOD_MATCH = YES;
				COPY_PHASE_STRIP = NO;
				DEBUG_INFORMATION_FORMAT = dwarf;
				ENABLE_STRICT_OBJC_MSGSEND = YES;
				ENABLE_TESTABILITY = YES;
				GCC_C_LANGUAGE_STANDARD = gnu11;
				GCC_DYNAMIC_NO_PIC = NO;
				GCC_NO_COMMON_BLOCKS = YES;
				GCC_OPTIMIZATION_LEVEL = 0;
				GCC_PREPROCESSOR_DEFINITIONS = (
					"DEBUG=1",
					"$(inherited)",
				);
				GCC_WARN_64_TO_32_BIT_CONVERSION = YES;
				GCC_WARN_ABOUT_RETURN_TYPE = YES_ERROR;
				GCC_WARN_UNDECLARED_SELECTOR = YES;
				GCC_WARN_UNINITIALIZED_AUTOS = YES_AGGRESSIVE;
				GCC_WARN_UNUSED_FUNCTION = YES;
				GCC_WARN_UNUSED_VARIABLE = YES;
				IPHONEOS_DEPLOYMENT_TARGET = 13.2;
				MTL_ENABLE_DEBUG_INFO = INCLUDE_SOURCE;
				MTL_FAST_MATH = YES;
				ONLY_ACTIVE_ARCH = YES;
				SDKROOT = iphoneos;
				SWIFT_ACTIVE_COMPILATION_CONDITIONS = DEBUG;
				SWIFT_OPTIMIZATION_LEVEL = "-Onone";
			};
			name = Debug;
		};
		31B6EF2923E72AC4007D99E2 /* Release */ = {
			isa = XCBuildConfiguration;
			buildSettings = {
				ALWAYS_SEARCH_USER_PATHS = NO;
				CLANG_ANALYZER_NONNULL = YES;
				CLANG_ANALYZER_NUMBER_OBJECT_CONVERSION = YES_AGGRESSIVE;
				CLANG_CXX_LANGUAGE_STANDARD = "gnu++14";
				CLANG_CXX_LIBRARY = "libc++";
				CLANG_ENABLE_MODULES = YES;
				CLANG_ENABLE_OBJC_ARC = YES;
				CLANG_ENABLE_OBJC_WEAK = YES;
				CLANG_WARN_BLOCK_CAPTURE_AUTORELEASING = YES;
				CLANG_WARN_BOOL_CONVERSION = YES;
				CLANG_WARN_COMMA = YES;
				CLANG_WARN_CONSTANT_CONVERSION = YES;
				CLANG_WARN_DEPRECATED_OBJC_IMPLEMENTATIONS = YES;
				CLANG_WARN_DIRECT_OBJC_ISA_USAGE = YES_ERROR;
				CLANG_WARN_DOCUMENTATION_COMMENTS = YES;
				CLANG_WARN_EMPTY_BODY = YES;
				CLANG_WARN_ENUM_CONVERSION = YES;
				CLANG_WARN_INFINITE_RECURSION = YES;
				CLANG_WARN_INT_CONVERSION = YES;
				CLANG_WARN_NON_LITERAL_NULL_CONVERSION = YES;
				CLANG_WARN_OBJC_IMPLICIT_RETAIN_SELF = YES;
				CLANG_WARN_OBJC_LITERAL_CONVERSION = YES;
				CLANG_WARN_OBJC_ROOT_CLASS = YES_ERROR;
				CLANG_WARN_RANGE_LOOP_ANALYSIS = YES;
				CLANG_WARN_STRICT_PROTOTYPES = YES;
				CLANG_WARN_SUSPICIOUS_MOVE = YES;
				CLANG_WARN_UNGUARDED_AVAILABILITY = YES_AGGRESSIVE;
				CLANG_WARN_UNREACHABLE_CODE = YES;
				CLANG_WARN__DUPLICATE_METHOD_MATCH = YES;
				COPY_PHASE_STRIP = NO;
				DEBUG_INFORMATION_FORMAT = "dwarf-with-dsym";
				ENABLE_NS_ASSERTIONS = NO;
				ENABLE_STRICT_OBJC_MSGSEND = YES;
				GCC_C_LANGUAGE_STANDARD = gnu11;
				GCC_NO_COMMON_BLOCKS = YES;
				GCC_WARN_64_TO_32_BIT_CONVERSION = YES;
				GCC_WARN_ABOUT_RETURN_TYPE = YES_ERROR;
				GCC_WARN_UNDECLARED_SELECTOR = YES;
				GCC_WARN_UNINITIALIZED_AUTOS = YES_AGGRESSIVE;
				GCC_WARN_UNUSED_FUNCTION = YES;
				GCC_WARN_UNUSED_VARIABLE = YES;
				IPHONEOS_DEPLOYMENT_TARGET = 13.2;
				MTL_ENABLE_DEBUG_INFO = NO;
				MTL_FAST_MATH = YES;
				SDKROOT = iphoneos;
				SWIFT_COMPILATION_MODE = wholemodule;
				SWIFT_OPTIMIZATION_LEVEL = "-O";
				VALIDATE_PRODUCT = YES;
			};
			name = Release;
		};
		31B6EF2B23E72AC4007D99E2 /* Debug */ = {
			isa = XCBuildConfiguration;
			baseConfigurationReference = 1BEFB6048D48CD747BA9CE39 /* Pods-LiveUIBuilderPlayground.debug.xcconfig */;
			buildSettings = {
				ASSETCATALOG_COMPILER_APPICON_NAME = AppIcon;
				CODE_SIGN_STYLE = Automatic;
				DEVELOPMENT_ASSET_PATHS = "\"LiveUIBuilderPlayground/Preview Content\"";
				ENABLE_PREVIEWS = YES;
				INFOPLIST_FILE = LiveUIBuilderPlayground/Info.plist;
				LD_RUNPATH_SEARCH_PATHS = (
					"$(inherited)",
					"@executable_path/Frameworks",
				);
				PRODUCT_BUNDLE_IDENTIFIER = com.ninovitale.LiveUIBuilderPlayground;
				PRODUCT_NAME = "$(TARGET_NAME)";
				SWIFT_VERSION = 5.0;
				TARGETED_DEVICE_FAMILY = "1,2";
			};
			name = Debug;
		};
		31B6EF2C23E72AC4007D99E2 /* Release */ = {
			isa = XCBuildConfiguration;
			baseConfigurationReference = 1C9E06E69189FC705D4714DB /* Pods-LiveUIBuilderPlayground.release.xcconfig */;
			buildSettings = {
				ASSETCATALOG_COMPILER_APPICON_NAME = AppIcon;
				CODE_SIGN_STYLE = Automatic;
				DEVELOPMENT_ASSET_PATHS = "\"LiveUIBuilderPlayground/Preview Content\"";
				ENABLE_PREVIEWS = YES;
				INFOPLIST_FILE = LiveUIBuilderPlayground/Info.plist;
				LD_RUNPATH_SEARCH_PATHS = (
					"$(inherited)",
					"@executable_path/Frameworks",
				);
				PRODUCT_BUNDLE_IDENTIFIER = com.ninovitale.LiveUIBuilderPlayground;
				PRODUCT_NAME = "$(TARGET_NAME)";
				SWIFT_VERSION = 5.0;
				TARGETED_DEVICE_FAMILY = "1,2";
			};
			name = Release;
		};
/* End XCBuildConfiguration section */

/* Begin XCConfigurationList section */
		31B6EF1123E72AC2007D99E2 /* Build configuration list for PBXProject "LiveUIBuilderPlayground" */ = {
			isa = XCConfigurationList;
			buildConfigurations = (
				31B6EF2823E72AC4007D99E2 /* Debug */,
				31B6EF2923E72AC4007D99E2 /* Release */,
			);
			defaultConfigurationIsVisible = 0;
			defaultConfigurationName = Release;
		};
		31B6EF2A23E72AC4007D99E2 /* Build configuration list for PBXNativeTarget "LiveUIBuilderPlayground" */ = {
			isa = XCConfigurationList;
			buildConfigurations = (
				31B6EF2B23E72AC4007D99E2 /* Debug */,
				31B6EF2C23E72AC4007D99E2 /* Release */,
			);
			defaultConfigurationIsVisible = 0;
			defaultConfigurationName = Release;
		};
/* End XCConfigurationList section */
	};
	rootObject = 31B6EF0E23E72AC2007D99E2 /* Project object */;
}
